
Microsoft Visual Studio Solution File, Format Version 12.00
# Visual Studio Version 16
VisualStudioVersion = 16.0.29509.3
MinimumVisualStudioVersion = 10.0.40219.1
Project("{2150E333-8FDC-42A3-9474-1A3956D46DE8}") = "01 - Presentation", "01 - Presentation", "{587CA6CB-0520-48A6-AA0A-797991FD6191}"
EndProject
Project("{2150E333-8FDC-42A3-9474-1A3956D46DE8}") = "02 - Application", "02 - Application", "{3795FEEF-9EEF-4FD9-AE99-E7BA7E5C4E9C}"
EndProject
Project("{2150E333-8FDC-42A3-9474-1A3956D46DE8}") = "03 - Domain", "03 - Domain", "{48E56DE4-EBA6-4D33-A468-5C510D7DA4A5}"
EndProject
Project("{2150E333-8FDC-42A3-9474-1A3956D46DE8}") = "04 - Infrastructure", "04 - Infrastructure", "{1C40EA08-F384-46E5-A9FF-A2A6162FD10A}"
EndProject
Project("{2150E333-8FDC-42A3-9474-1A3956D46DE8}") = "05 - Crosscutting", "05 - Crosscutting", "{E0DBD154-2E63-410A-A439-1F3F8AFDAD68}"
EndProject
Project("{9A19103F-16F7-4668-BE54-9A1E7A4F7556}") = "MyCompany.BIATemplate.Crosscutting.Common", "MyCompany.BIATemplate.Crosscutting.Common\MyCompany.BIATemplate.Crosscutting.Common.csproj", "{583565C2-28CC-42DC-B223-BFAC91FDE9EE}"
EndProject
Project("{9A19103F-16F7-4668-BE54-9A1E7A4F7556}") = "MyCompany.BIATemplate.Infrastructure.Data", "MyCompany.BIATemplate.Infrastructure.Data\MyCompany.BIATemplate.Infrastructure.Data.csproj", "{16FAEB1C-C6FA-481E-9A49-510976D7B1D6}"
EndProject
Project("{9A19103F-16F7-4668-BE54-9A1E7A4F7556}") = "MyCompany.BIATemplate.Domain.Core", "MyCompany.BIATemplate.Domain.Core\MyCompany.BIATemplate.Domain.Core.csproj", "{6A8426FB-2963-4FD4-B420-D808A372B8D1}"
EndProject
Project("{9A19103F-16F7-4668-BE54-9A1E7A4F7556}") = "MyCompany.BIATemplate.Domain", "MyCompany.BIATemplate.Domain\MyCompany.BIATemplate.Domain.csproj", "{4F648498-A6A8-4E61-A68E-C606AC3BD173}"
EndProject
Project("{9A19103F-16F7-4668-BE54-9A1E7A4F7556}") = "MyCompany.BIATemplate.Application", "MyCompany.BIATemplate.Application\MyCompany.BIATemplate.Application.csproj", "{9FA15A96-7089-4F5D-B93D-9192793CC9CF}"
EndProject
Project("{9A19103F-16F7-4668-BE54-9A1E7A4F7556}") = "MyCompany.BIATemplate.Presentation.Api", "MyCompany.BIATemplate.Presentation.Api\MyCompany.BIATemplate.Presentation.Api.csproj", "{508DBB7F-0F6B-4A53-9EBF-D3393F1636AA}"
EndProject
Project("{9A19103F-16F7-4668-BE54-9A1E7A4F7556}") = "MyCompany.BIATemplate.Crosscutting.Ioc", "MyCompany.BIATemplate.Crosscutting.Ioc\MyCompany.BIATemplate.Crosscutting.Ioc.csproj", "{5F84DB58-66D4-40F0-8E59-151C18524ED4}"
EndProject
Project("{9A19103F-16F7-4668-BE54-9A1E7A4F7556}") = "MyCompany.BIATemplate.Domain.Dto", "MyCompany.BIATemplate.Domain.Dto\MyCompany.BIATemplate.Domain.Dto.csproj", "{73C54FCC-5589-4741-A99F-C91267CDA392}"
EndProject
Project("{2150E333-8FDC-42A3-9474-1A3956D46DE8}") = "Solution Items", "Solution Items", "{49C02275-EC26-4288-B38D-F269DF7ACC97}"
	ProjectSection(SolutionItems) = preProject
		CHANGELOG.md = CHANGELOG.md
		Docs\NEW_PROJECT.md = Docs\NEW_PROJECT.md
		README.md = README.md
	EndProjectSection
EndProject
Global
	GlobalSection(SolutionConfigurationPlatforms) = preSolution
		Debug|Any CPU = Debug|Any CPU
		Release|Any CPU = Release|Any CPU
	EndGlobalSection
	GlobalSection(ProjectConfigurationPlatforms) = postSolution
		{583565C2-28CC-42DC-B223-BFAC91FDE9EE}.Debug|Any CPU.ActiveCfg = Debug|Any CPU
		{583565C2-28CC-42DC-B223-BFAC91FDE9EE}.Debug|Any CPU.Build.0 = Debug|Any CPU
		{583565C2-28CC-42DC-B223-BFAC91FDE9EE}.Release|Any CPU.ActiveCfg = Release|Any CPU
		{583565C2-28CC-42DC-B223-BFAC91FDE9EE}.Release|Any CPU.Build.0 = Release|Any CPU
		{16FAEB1C-C6FA-481E-9A49-510976D7B1D6}.Debug|Any CPU.ActiveCfg = Debug|Any CPU
		{16FAEB1C-C6FA-481E-9A49-510976D7B1D6}.Debug|Any CPU.Build.0 = Debug|Any CPU
		{16FAEB1C-C6FA-481E-9A49-510976D7B1D6}.Release|Any CPU.ActiveCfg = Release|Any CPU
		{16FAEB1C-C6FA-481E-9A49-510976D7B1D6}.Release|Any CPU.Build.0 = Release|Any CPU
		{6A8426FB-2963-4FD4-B420-D808A372B8D1}.Debug|Any CPU.ActiveCfg = Debug|Any CPU
		{6A8426FB-2963-4FD4-B420-D808A372B8D1}.Debug|Any CPU.Build.0 = Debug|Any CPU
		{6A8426FB-2963-4FD4-B420-D808A372B8D1}.Release|Any CPU.ActiveCfg = Release|Any CPU
		{6A8426FB-2963-4FD4-B420-D808A372B8D1}.Release|Any CPU.Build.0 = Release|Any CPU
		{4F648498-A6A8-4E61-A68E-C606AC3BD173}.Debug|Any CPU.ActiveCfg = Debug|Any CPU
		{4F648498-A6A8-4E61-A68E-C606AC3BD173}.Debug|Any CPU.Build.0 = Debug|Any CPU
		{4F648498-A6A8-4E61-A68E-C606AC3BD173}.Release|Any CPU.ActiveCfg = Release|Any CPU
		{4F648498-A6A8-4E61-A68E-C606AC3BD173}.Release|Any CPU.Build.0 = Release|Any CPU
		{9FA15A96-7089-4F5D-B93D-9192793CC9CF}.Debug|Any CPU.ActiveCfg = Debug|Any CPU
		{9FA15A96-7089-4F5D-B93D-9192793CC9CF}.Debug|Any CPU.Build.0 = Debug|Any CPU
		{9FA15A96-7089-4F5D-B93D-9192793CC9CF}.Release|Any CPU.ActiveCfg = Release|Any CPU
		{9FA15A96-7089-4F5D-B93D-9192793CC9CF}.Release|Any CPU.Build.0 = Release|Any CPU
		{508DBB7F-0F6B-4A53-9EBF-D3393F1636AA}.Debug|Any CPU.ActiveCfg = Debug|Any CPU
		{508DBB7F-0F6B-4A53-9EBF-D3393F1636AA}.Debug|Any CPU.Build.0 = Debug|Any CPU
		{508DBB7F-0F6B-4A53-9EBF-D3393F1636AA}.Release|Any CPU.ActiveCfg = Release|Any CPU
		{508DBB7F-0F6B-4A53-9EBF-D3393F1636AA}.Release|Any CPU.Build.0 = Release|Any CPU
		{5F84DB58-66D4-40F0-8E59-151C18524ED4}.Debug|Any CPU.ActiveCfg = Debug|Any CPU
		{5F84DB58-66D4-40F0-8E59-151C18524ED4}.Debug|Any CPU.Build.0 = Debug|Any CPU
		{5F84DB58-66D4-40F0-8E59-151C18524ED4}.Release|Any CPU.ActiveCfg = Release|Any CPU
		{5F84DB58-66D4-40F0-8E59-151C18524ED4}.Release|Any CPU.Build.0 = Release|Any CPU
		{73C54FCC-5589-4741-A99F-C91267CDA392}.Debug|Any CPU.ActiveCfg = Debug|Any CPU
		{73C54FCC-5589-4741-A99F-C91267CDA392}.Debug|Any CPU.Build.0 = Debug|Any CPU
		{73C54FCC-5589-4741-A99F-C91267CDA392}.Release|Any CPU.ActiveCfg = Release|Any CPU
		{73C54FCC-5589-4741-A99F-C91267CDA392}.Release|Any CPU.Build.0 = Release|Any CPU
	EndGlobalSection
	GlobalSection(SolutionProperties) = preSolution
		HideSolutionNode = FALSE
	EndGlobalSection
	GlobalSection(NestedProjects) = preSolution
		{583565C2-28CC-42DC-B223-BFAC91FDE9EE} = {E0DBD154-2E63-410A-A439-1F3F8AFDAD68}
		{16FAEB1C-C6FA-481E-9A49-510976D7B1D6} = {1C40EA08-F384-46E5-A9FF-A2A6162FD10A}
		{6A8426FB-2963-4FD4-B420-D808A372B8D1} = {48E56DE4-EBA6-4D33-A468-5C510D7DA4A5}
		{4F648498-A6A8-4E61-A68E-C606AC3BD173} = {48E56DE4-EBA6-4D33-A468-5C510D7DA4A5}
		{9FA15A96-7089-4F5D-B93D-9192793CC9CF} = {3795FEEF-9EEF-4FD9-AE99-E7BA7E5C4E9C}
		{508DBB7F-0F6B-4A53-9EBF-D3393F1636AA} = {587CA6CB-0520-48A6-AA0A-797991FD6191}
		{5F84DB58-66D4-40F0-8E59-151C18524ED4} = {E0DBD154-2E63-410A-A439-1F3F8AFDAD68}
		{73C54FCC-5589-4741-A99F-C91267CDA392} = {48E56DE4-EBA6-4D33-A468-5C510D7DA4A5}
	EndGlobalSection
	GlobalSection(ExtensibilityGlobals) = postSolution
		SolutionGuid = {A6DDFD69-4ED7-4EE0-AB51-2D76E2C06FA2}
	EndGlobalSection
EndGlobal
