
Microsoft Visual Studio Solution File, Format Version 12.00
# Visual Studio 15
VisualStudioVersion = 15.0.27703.2018
MinimumVisualStudioVersion = 10.0.40219.1
Project("{FAE04EC0-301F-11D3-BF4B-00C04F79EFBC}") = "BIA.Net.Common", "BIA.Net.Common\BIA.Net.Common.csproj", "{9073DA56-B20A-476A-B6DD-3231EA11D5BC}"
EndProject
Project("{FAE04EC0-301F-11D3-BF4B-00C04F79EFBC}") = "BIA.Net.Model", "BIA.Net.Model\BIA.Net.Model.csproj", "{E366DAD2-D95C-44F9-9215-6CCC912574DD}"
EndProject
Project("{2150E333-8FDC-42A3-9474-1A3956D46DE8}") = "Tests", "Tests", "{8105F07E-D535-49ED-9E4A-87D49B2081B2}"
EndProject
Project("{FAE04EC0-301F-11D3-BF4B-00C04F79EFBC}") = "BIA.Net.Common.Tests", "BIA.Net.Common.Tests\BIA.Net.Common.Tests.csproj", "{8A4BF60E-E292-462B-AFFC-9604A9FA4E1D}"
EndProject
Project("{FAE04EC0-301F-11D3-BF4B-00C04F79EFBC}") = "BIA.Net.MVC", "BIA.Net.MVC\BIA.Net.MVC.csproj", "{EE34C7A0-1A4A-4748-B749-2F9087C54AB5}"
EndProject
Project("{FAE04EC0-301F-11D3-BF4B-00C04F79EFBC}") = "BIA.Net.Dialog.MVC", "BIA.Net.Dialog.MVC\BIA.Net.Dialog.MVC.csproj", "{D1C8A684-B4E0-40E7-B40A-DD58A3E8A80F}"
EndProject
Project("{FAE04EC0-301F-11D3-BF4B-00C04F79EFBC}") = "WebApplication_BIA.Net_Test", "WebApplication_BIA.Net_Test\WebApplication_BIA.Net_Test.csproj", "{BDE858B3-99D4-4272-8237-643B82028DE3}"
EndProject
Project("{FAE04EC0-301F-11D3-BF4B-00C04F79EFBC}") = "BIA.Net.ImageManager", "BIA.Net.ImageManager\BIA.Net.ImageManager.csproj", "{3F7026E1-896F-4A87-A2EC-4F5B75663EA2}"
EndProject
Project("{FAE04EC0-301F-11D3-BF4B-00C04F79EFBC}") = "BIA.Net.WindowsService", "BIA.Net.WindowsService\BIA.Net.WindowsService.csproj", "{18784ED9-BEC2-4187-97D4-24CB78E444AD}"
EndProject
Project("{FAE04EC0-301F-11D3-BF4B-00C04F79EFBC}") = "BIA.Net.Web", "BIA.Net.Web\BIA.Net.Web.csproj", "{B122BAF6-F2C4-4457-A39D-7AFE4A30ED9E}"
EndProject
Project("{FAE04EC0-301F-11D3-BF4B-00C04F79EFBC}") = "BIA.Net.SSDLToSQL", "BIA.Net.SSDLToSQL\BIA.Net.SSDLToSQL.csproj", "{19A3111B-301D-4BCA-B694-49BBA11D1D9A}"
EndProject
Project("{2150E333-8FDC-42A3-9474-1A3956D46DE8}") = "CodingRules", "CodingRules", "{7DF5119E-2728-452C-B92F-97D7BD39135C}"
	ProjectSection(SolutionItems) = preProject
		CodingRules\CustomDictionary.xml = CodingRules\CustomDictionary.xml
		CodingRules\stylecop.json = CodingRules\stylecop.json
	EndProjectSection
EndProject
Project("{FAE04EC0-301F-11D3-BF4B-00C04F79EFBC}") = "BIA.Net.Helpers.MVC", "BIA.Net.Helpers.MVC\BIA.Net.Helpers.MVC.csproj", "{590D4FB1-AA55-4C5B-9BC6-AE4073B44EF5}"
EndProject
Project("{FAE04EC0-301F-11D3-BF4B-00C04F79EFBC}") = "BIA.Net.DataTable.DTO", "BIA.Net.DataTable.DTO\BIA.Net.DataTable.DTO.csproj", "{27C61A0B-D29F-4B28-A1EA-ED1A42D2CF71}"
EndProject
Project("{FAE04EC0-301F-11D3-BF4B-00C04F79EFBC}") = "BIA.Net.DataTable.MVC", "BIA.Net.DataTable.MVC\BIA.Net.DataTable.MVC.csproj", "{60AA7919-68DF-45C3-A97E-BC3605CCE179}"
EndProject
Project("{FAE04EC0-301F-11D3-BF4B-00C04F79EFBC}") = "BIA.Net.Dialog.DT", "BIA.Net.Dialog.DT\BIA.Net.Dialog.DT.csproj", "{171B8344-CFC4-466B-9853-01A157C1A2AF}"
EndProject
Project("{FAE04EC0-301F-11D3-BF4B-00C04F79EFBC}") = "BIA.Net.DataTable.DT", "BIA.Net.DataTable.DT\BIA.Net.DataTable.DT.csproj", "{D34BDEE4-2AC3-4FCE-80CC-C7265DBE3112}"
EndProject
Project("{FAE04EC0-301F-11D3-BF4B-00C04F79EFBC}") = "BIA.Net.Business", "BIA.Net.Business\BIA.Net.Business.csproj", "{3F87600C-7C87-4768-812D-3CFDEDAE5E2A}"
EndProject
Project("{FAE04EC0-301F-11D3-BF4B-00C04F79EFBC}") = "BIA.Net.Api", "BIA.Net.Api\BIA.Net.Api.csproj", "{830D2015-2332-4B37-8A3E-19B807B5876D}"
EndProject
Project("{FAE04EC0-301F-11D3-BF4B-00C04F79EFBC}") = "BIA.Net.Authentication.Business", "BIA.Net.Authentication.Business\BIA.Net.Authentication.Business.csproj", "{81B573D0-3FBA-4378-A63B-CECEDFC11A16}"
EndProject
Project("{FAE04EC0-301F-11D3-BF4B-00C04F79EFBC}") = "BIA.Net.Authentication.Web", "BIA.Net.Authentication.Web\BIA.Net.Authentication.Web.csproj", "{0E47F422-94B5-46AB-BB28-6334CAEDEC8B}"
EndProject
Project("{FAE04EC0-301F-11D3-BF4B-00C04F79EFBC}") = "BIA.Net.Authentication.WebAPI", "BIA.Net.Authentication.WebAPI\BIA.Net.Authentication.WebAPI.csproj", "{9A663C5A-AA29-4D50-A70A-008B1F3181FC}"
EndProject
Project("{FAE04EC0-301F-11D3-BF4B-00C04F79EFBC}") = "BIA.Net.Authentication.MVC", "BIA.Net.Authentication.MVC\BIA.Net.Authentication.MVC.csproj", "{52F0EC27-F6EC-43F5-8188-C5FEC2569A76}"
EndProject
Global
	GlobalSection(SolutionConfigurationPlatforms) = preSolution
		Debug|Any CPU = Debug|Any CPU
		Release|Any CPU = Release|Any CPU
	EndGlobalSection
	GlobalSection(ProjectConfigurationPlatforms) = postSolution
		{9073DA56-B20A-476A-B6DD-3231EA11D5BC}.Debug|Any CPU.ActiveCfg = Debug|Any CPU
		{9073DA56-B20A-476A-B6DD-3231EA11D5BC}.Debug|Any CPU.Build.0 = Debug|Any CPU
		{9073DA56-B20A-476A-B6DD-3231EA11D5BC}.Release|Any CPU.ActiveCfg = Release|Any CPU
		{9073DA56-B20A-476A-B6DD-3231EA11D5BC}.Release|Any CPU.Build.0 = Release|Any CPU
		{E366DAD2-D95C-44F9-9215-6CCC912574DD}.Debug|Any CPU.ActiveCfg = Debug|Any CPU
		{E366DAD2-D95C-44F9-9215-6CCC912574DD}.Debug|Any CPU.Build.0 = Debug|Any CPU
		{E366DAD2-D95C-44F9-9215-6CCC912574DD}.Release|Any CPU.ActiveCfg = Release|Any CPU
		{E366DAD2-D95C-44F9-9215-6CCC912574DD}.Release|Any CPU.Build.0 = Release|Any CPU
		{8A4BF60E-E292-462B-AFFC-9604A9FA4E1D}.Debug|Any CPU.ActiveCfg = Debug|Any CPU
		{8A4BF60E-E292-462B-AFFC-9604A9FA4E1D}.Debug|Any CPU.Build.0 = Debug|Any CPU
		{8A4BF60E-E292-462B-AFFC-9604A9FA4E1D}.Release|Any CPU.ActiveCfg = Release|Any CPU
		{8A4BF60E-E292-462B-AFFC-9604A9FA4E1D}.Release|Any CPU.Build.0 = Release|Any CPU
		{EE34C7A0-1A4A-4748-B749-2F9087C54AB5}.Debug|Any CPU.ActiveCfg = Debug|Any CPU
		{EE34C7A0-1A4A-4748-B749-2F9087C54AB5}.Debug|Any CPU.Build.0 = Debug|Any CPU
		{EE34C7A0-1A4A-4748-B749-2F9087C54AB5}.Release|Any CPU.ActiveCfg = Release|Any CPU
		{EE34C7A0-1A4A-4748-B749-2F9087C54AB5}.Release|Any CPU.Build.0 = Release|Any CPU
		{D1C8A684-B4E0-40E7-B40A-DD58A3E8A80F}.Debug|Any CPU.ActiveCfg = Debug|Any CPU
		{D1C8A684-B4E0-40E7-B40A-DD58A3E8A80F}.Debug|Any CPU.Build.0 = Debug|Any CPU
		{D1C8A684-B4E0-40E7-B40A-DD58A3E8A80F}.Release|Any CPU.ActiveCfg = Release|Any CPU
		{D1C8A684-B4E0-40E7-B40A-DD58A3E8A80F}.Release|Any CPU.Build.0 = Release|Any CPU
		{BDE858B3-99D4-4272-8237-643B82028DE3}.Debug|Any CPU.ActiveCfg = Debug|Any CPU
		{BDE858B3-99D4-4272-8237-643B82028DE3}.Debug|Any CPU.Build.0 = Debug|Any CPU
		{BDE858B3-99D4-4272-8237-643B82028DE3}.Release|Any CPU.ActiveCfg = Release|Any CPU
		{BDE858B3-99D4-4272-8237-643B82028DE3}.Release|Any CPU.Build.0 = Release|Any CPU
		{3F7026E1-896F-4A87-A2EC-4F5B75663EA2}.Debug|Any CPU.ActiveCfg = Debug|Any CPU
		{3F7026E1-896F-4A87-A2EC-4F5B75663EA2}.Debug|Any CPU.Build.0 = Debug|Any CPU
		{3F7026E1-896F-4A87-A2EC-4F5B75663EA2}.Release|Any CPU.ActiveCfg = Release|Any CPU
		{3F7026E1-896F-4A87-A2EC-4F5B75663EA2}.Release|Any CPU.Build.0 = Release|Any CPU
		{18784ED9-BEC2-4187-97D4-24CB78E444AD}.Debug|Any CPU.ActiveCfg = Debug|Any CPU
		{18784ED9-BEC2-4187-97D4-24CB78E444AD}.Debug|Any CPU.Build.0 = Debug|Any CPU
		{18784ED9-BEC2-4187-97D4-24CB78E444AD}.Release|Any CPU.ActiveCfg = Release|Any CPU
		{18784ED9-BEC2-4187-97D4-24CB78E444AD}.Release|Any CPU.Build.0 = Release|Any CPU
		{B122BAF6-F2C4-4457-A39D-7AFE4A30ED9E}.Debug|Any CPU.ActiveCfg = Debug|Any CPU
		{B122BAF6-F2C4-4457-A39D-7AFE4A30ED9E}.Debug|Any CPU.Build.0 = Debug|Any CPU
		{B122BAF6-F2C4-4457-A39D-7AFE4A30ED9E}.Release|Any CPU.ActiveCfg = Release|Any CPU
		{B122BAF6-F2C4-4457-A39D-7AFE4A30ED9E}.Release|Any CPU.Build.0 = Release|Any CPU
		{19A3111B-301D-4BCA-B694-49BBA11D1D9A}.Debug|Any CPU.ActiveCfg = Debug|Any CPU
		{19A3111B-301D-4BCA-B694-49BBA11D1D9A}.Debug|Any CPU.Build.0 = Debug|Any CPU
		{19A3111B-301D-4BCA-B694-49BBA11D1D9A}.Release|Any CPU.ActiveCfg = Release|Any CPU
		{19A3111B-301D-4BCA-B694-49BBA11D1D9A}.Release|Any CPU.Build.0 = Release|Any CPU
		{590D4FB1-AA55-4C5B-9BC6-AE4073B44EF5}.Debug|Any CPU.ActiveCfg = Debug|Any CPU
		{590D4FB1-AA55-4C5B-9BC6-AE4073B44EF5}.Debug|Any CPU.Build.0 = Debug|Any CPU
		{590D4FB1-AA55-4C5B-9BC6-AE4073B44EF5}.Release|Any CPU.ActiveCfg = Release|Any CPU
		{590D4FB1-AA55-4C5B-9BC6-AE4073B44EF5}.Release|Any CPU.Build.0 = Release|Any CPU
		{27C61A0B-D29F-4B28-A1EA-ED1A42D2CF71}.Debug|Any CPU.ActiveCfg = Debug|Any CPU
		{27C61A0B-D29F-4B28-A1EA-ED1A42D2CF71}.Debug|Any CPU.Build.0 = Debug|Any CPU
		{27C61A0B-D29F-4B28-A1EA-ED1A42D2CF71}.Release|Any CPU.ActiveCfg = Release|Any CPU
		{27C61A0B-D29F-4B28-A1EA-ED1A42D2CF71}.Release|Any CPU.Build.0 = Release|Any CPU
		{60AA7919-68DF-45C3-A97E-BC3605CCE179}.Debug|Any CPU.ActiveCfg = Debug|Any CPU
		{60AA7919-68DF-45C3-A97E-BC3605CCE179}.Debug|Any CPU.Build.0 = Debug|Any CPU
		{60AA7919-68DF-45C3-A97E-BC3605CCE179}.Release|Any CPU.ActiveCfg = Release|Any CPU
		{60AA7919-68DF-45C3-A97E-BC3605CCE179}.Release|Any CPU.Build.0 = Release|Any CPU
		{171B8344-CFC4-466B-9853-01A157C1A2AF}.Debug|Any CPU.ActiveCfg = Debug|Any CPU
		{171B8344-CFC4-466B-9853-01A157C1A2AF}.Debug|Any CPU.Build.0 = Debug|Any CPU
		{171B8344-CFC4-466B-9853-01A157C1A2AF}.Release|Any CPU.ActiveCfg = Release|Any CPU
		{171B8344-CFC4-466B-9853-01A157C1A2AF}.Release|Any CPU.Build.0 = Release|Any CPU
		{D34BDEE4-2AC3-4FCE-80CC-C7265DBE3112}.Debug|Any CPU.ActiveCfg = Debug|Any CPU
		{D34BDEE4-2AC3-4FCE-80CC-C7265DBE3112}.Debug|Any CPU.Build.0 = Debug|Any CPU
		{D34BDEE4-2AC3-4FCE-80CC-C7265DBE3112}.Release|Any CPU.ActiveCfg = Release|Any CPU
		{D34BDEE4-2AC3-4FCE-80CC-C7265DBE3112}.Release|Any CPU.Build.0 = Release|Any CPU
		{3F87600C-7C87-4768-812D-3CFDEDAE5E2A}.Debug|Any CPU.ActiveCfg = Debug|Any CPU
		{3F87600C-7C87-4768-812D-3CFDEDAE5E2A}.Debug|Any CPU.Build.0 = Debug|Any CPU
		{3F87600C-7C87-4768-812D-3CFDEDAE5E2A}.Release|Any CPU.ActiveCfg = Release|Any CPU
		{3F87600C-7C87-4768-812D-3CFDEDAE5E2A}.Release|Any CPU.Build.0 = Release|Any CPU
		{830D2015-2332-4B37-8A3E-19B807B5876D}.Debug|Any CPU.ActiveCfg = Debug|Any CPU
		{830D2015-2332-4B37-8A3E-19B807B5876D}.Debug|Any CPU.Build.0 = Debug|Any CPU
		{830D2015-2332-4B37-8A3E-19B807B5876D}.Release|Any CPU.ActiveCfg = Release|Any CPU
		{830D2015-2332-4B37-8A3E-19B807B5876D}.Release|Any CPU.Build.0 = Release|Any CPU
		{81B573D0-3FBA-4378-A63B-CECEDFC11A16}.Debug|Any CPU.ActiveCfg = Debug|Any CPU
		{81B573D0-3FBA-4378-A63B-CECEDFC11A16}.Debug|Any CPU.Build.0 = Debug|Any CPU
		{81B573D0-3FBA-4378-A63B-CECEDFC11A16}.Release|Any CPU.ActiveCfg = Release|Any CPU
		{81B573D0-3FBA-4378-A63B-CECEDFC11A16}.Release|Any CPU.Build.0 = Release|Any CPU
		{0E47F422-94B5-46AB-BB28-6334CAEDEC8B}.Debug|Any CPU.ActiveCfg = Debug|Any CPU
		{0E47F422-94B5-46AB-BB28-6334CAEDEC8B}.Debug|Any CPU.Build.0 = Debug|Any CPU
		{0E47F422-94B5-46AB-BB28-6334CAEDEC8B}.Release|Any CPU.ActiveCfg = Release|Any CPU
		{0E47F422-94B5-46AB-BB28-6334CAEDEC8B}.Release|Any CPU.Build.0 = Release|Any CPU
		{9A663C5A-AA29-4D50-A70A-008B1F3181FC}.Debug|Any CPU.ActiveCfg = Debug|Any CPU
		{9A663C5A-AA29-4D50-A70A-008B1F3181FC}.Debug|Any CPU.Build.0 = Debug|Any CPU
		{9A663C5A-AA29-4D50-A70A-008B1F3181FC}.Release|Any CPU.ActiveCfg = Release|Any CPU
		{9A663C5A-AA29-4D50-A70A-008B1F3181FC}.Release|Any CPU.Build.0 = Release|Any CPU
		{52F0EC27-F6EC-43F5-8188-C5FEC2569A76}.Debug|Any CPU.ActiveCfg = Debug|Any CPU
		{52F0EC27-F6EC-43F5-8188-C5FEC2569A76}.Debug|Any CPU.Build.0 = Debug|Any CPU
		{52F0EC27-F6EC-43F5-8188-C5FEC2569A76}.Release|Any CPU.ActiveCfg = Release|Any CPU
		{52F0EC27-F6EC-43F5-8188-C5FEC2569A76}.Release|Any CPU.Build.0 = Release|Any CPU
	EndGlobalSection
	GlobalSection(SolutionProperties) = preSolution
		HideSolutionNode = FALSE
	EndGlobalSection
	GlobalSection(NestedProjects) = preSolution
		{8A4BF60E-E292-462B-AFFC-9604A9FA4E1D} = {8105F07E-D535-49ED-9E4A-87D49B2081B2}
	EndGlobalSection
	GlobalSection(ExtensibilityGlobals) = postSolution
		SolutionGuid = {C57C249D-9877-48DC-A4BA-569D43606C96}
	EndGlobalSection
EndGlobal
